
Microsoft Visual Studio Solution File, Format Version 12.00
# Visual Studio 14
VisualStudioVersion = 14.0.25123.0
MinimumVisualStudioVersion = 10.0.40219.1
Project("{8BC9CEB8-8B4A-11D0-8D11-00A0C91BC942}") = "math_opt", "math_opt.vcxproj", "{60F74E1D-1062-4205-AFBF-60714820E4C4}"
	ProjectSection(ProjectDependencies) = postProject
		{1387E404-01F2-45E2-9F7B-10FB66C63A81} = {1387E404-01F2-45E2-9F7B-10FB66C63A81}
		{19875008-079E-4550-817E-51E546E49943} = {19875008-079E-4550-817E-51E546E49943}
		{E12D5509-9C2F-4201-B607-EBD1137B684F} = {E12D5509-9C2F-4201-B607-EBD1137B684F}
		{8DE7DD26-1263-4AB7-AA9C-E9AE2D5AC539} = {8DE7DD26-1263-4AB7-AA9C-E9AE2D5AC539}
		{1D098781-68A9-4F19-9254-C7C4A4F9703A} = {1D098781-68A9-4F19-9254-C7C4A4F9703A}
	EndProjectSection
EndProject
Project("{8BC9CEB8-8B4A-11D0-8D11-00A0C91BC942}") = "linear_algebra", "linear_algebra\linear_algebra.vcxproj", "{1D098781-68A9-4F19-9254-C7C4A4F9703A}"
	ProjectSection(ProjectDependencies) = postProject
		{1387E404-01F2-45E2-9F7B-10FB66C63A81} = {1387E404-01F2-45E2-9F7B-10FB66C63A81}
	EndProjectSection
EndProject
Project("{8BC9CEB8-8B4A-11D0-8D11-00A0C91BC942}") = "common", "common\common.vcxproj", "{1387E404-01F2-45E2-9F7B-10FB66C63A81}"
EndProject
Project("{8BC9CEB8-8B4A-11D0-8D11-00A0C91BC942}") = "line_search", "line_search\line_search.vcxproj", "{E12D5509-9C2F-4201-B607-EBD1137B684F}"
	ProjectSection(ProjectDependencies) = postProject
		{1387E404-01F2-45E2-9F7B-10FB66C63A81} = {1387E404-01F2-45E2-9F7B-10FB66C63A81}
	EndProjectSection
EndProject
Project("{8BC9CEB8-8B4A-11D0-8D11-00A0C91BC942}") = "unconstr_opt", "unconstr_opt\unconstr_opt.vcxproj", "{19875008-079E-4550-817E-51E546E49943}"
	ProjectSection(ProjectDependencies) = postProject
		{1387E404-01F2-45E2-9F7B-10FB66C63A81} = {1387E404-01F2-45E2-9F7B-10FB66C63A81}
		{E12D5509-9C2F-4201-B607-EBD1137B684F} = {E12D5509-9C2F-4201-B607-EBD1137B684F}
		{1D098781-68A9-4F19-9254-C7C4A4F9703A} = {1D098781-68A9-4F19-9254-C7C4A4F9703A}
	EndProjectSection
EndProject
Project("{8BC9CEB8-8B4A-11D0-8D11-00A0C91BC942}") = "constr_opt", "constr_opt\constr_opt.vcxproj", "{8DE7DD26-1263-4AB7-AA9C-E9AE2D5AC539}"
	ProjectSection(ProjectDependencies) = postProject
		{1387E404-01F2-45E2-9F7B-10FB66C63A81} = {1387E404-01F2-45E2-9F7B-10FB66C63A81}
		{19875008-079E-4550-817E-51E546E49943} = {19875008-079E-4550-817E-51E546E49943}
		{E12D5509-9C2F-4201-B607-EBD1137B684F} = {E12D5509-9C2F-4201-B607-EBD1137B684F}
		{1D098781-68A9-4F19-9254-C7C4A4F9703A} = {1D098781-68A9-4F19-9254-C7C4A4F9703A}
	EndProjectSection
EndProject
Global
	GlobalSection(SolutionConfigurationPlatforms) = preSolution
		Debug|x64 = Debug|x64
		Debug|x86 = Debug|x86
		Release|x64 = Release|x64
		Release|x86 = Release|x86
	EndGlobalSection
	GlobalSection(ProjectConfigurationPlatforms) = postSolution
		{60F74E1D-1062-4205-AFBF-60714820E4C4}.Debug|x64.ActiveCfg = Debug|x64
		{60F74E1D-1062-4205-AFBF-60714820E4C4}.Debug|x64.Build.0 = Debug|x64
		{60F74E1D-1062-4205-AFBF-60714820E4C4}.Debug|x86.ActiveCfg = Debug|Win32
		{60F74E1D-1062-4205-AFBF-60714820E4C4}.Debug|x86.Build.0 = Debug|Win32
		{60F74E1D-1062-4205-AFBF-60714820E4C4}.Release|x64.ActiveCfg = Release|x64
		{60F74E1D-1062-4205-AFBF-60714820E4C4}.Release|x64.Build.0 = Release|x64
		{60F74E1D-1062-4205-AFBF-60714820E4C4}.Release|x86.ActiveCfg = Release|Win32
		{60F74E1D-1062-4205-AFBF-60714820E4C4}.Release|x86.Build.0 = Release|Win32
		{1D098781-68A9-4F19-9254-C7C4A4F9703A}.Debug|x64.ActiveCfg = Debug|x64
		{1D098781-68A9-4F19-9254-C7C4A4F9703A}.Debug|x64.Build.0 = Debug|x64
		{1D098781-68A9-4F19-9254-C7C4A4F9703A}.Debug|x86.ActiveCfg = Debug|Win32
		{1D098781-68A9-4F19-9254-C7C4A4F9703A}.Debug|x86.Build.0 = Debug|Win32
		{1D098781-68A9-4F19-9254-C7C4A4F9703A}.Release|x64.ActiveCfg = Release|x64
		{1D098781-68A9-4F19-9254-C7C4A4F9703A}.Release|x64.Build.0 = Release|x64
		{1D098781-68A9-4F19-9254-C7C4A4F9703A}.Release|x86.ActiveCfg = Release|Win32
		{1D098781-68A9-4F19-9254-C7C4A4F9703A}.Release|x86.Build.0 = Release|Win32
		{1387E404-01F2-45E2-9F7B-10FB66C63A81}.Debug|x64.ActiveCfg = Debug|x64
		{1387E404-01F2-45E2-9F7B-10FB66C63A81}.Debug|x64.Build.0 = Debug|x64
		{1387E404-01F2-45E2-9F7B-10FB66C63A81}.Debug|x86.ActiveCfg = Debug|Win32
		{1387E404-01F2-45E2-9F7B-10FB66C63A81}.Debug|x86.Build.0 = Debug|Win32
		{1387E404-01F2-45E2-9F7B-10FB66C63A81}.Release|x64.ActiveCfg = Release|x64
		{1387E404-01F2-45E2-9F7B-10FB66C63A81}.Release|x64.Build.0 = Release|x64
		{1387E404-01F2-45E2-9F7B-10FB66C63A81}.Release|x86.ActiveCfg = Release|Win32
		{1387E404-01F2-45E2-9F7B-10FB66C63A81}.Release|x86.Build.0 = Release|Win32
		{E12D5509-9C2F-4201-B607-EBD1137B684F}.Debug|x64.ActiveCfg = Debug|x64
		{E12D5509-9C2F-4201-B607-EBD1137B684F}.Debug|x64.Build.0 = Debug|x64
		{E12D5509-9C2F-4201-B607-EBD1137B684F}.Debug|x86.ActiveCfg = Debug|Win32
		{E12D5509-9C2F-4201-B607-EBD1137B684F}.Debug|x86.Build.0 = Debug|Win32
		{E12D5509-9C2F-4201-B607-EBD1137B684F}.Release|x64.ActiveCfg = Release|x64
		{E12D5509-9C2F-4201-B607-EBD1137B684F}.Release|x64.Build.0 = Release|x64
		{E12D5509-9C2F-4201-B607-EBD1137B684F}.Release|x86.ActiveCfg = Release|Win32
		{E12D5509-9C2F-4201-B607-EBD1137B684F}.Release|x86.Build.0 = Release|Win32
		{19875008-079E-4550-817E-51E546E49943}.Debug|x64.ActiveCfg = Debug|x64
		{19875008-079E-4550-817E-51E546E49943}.Debug|x64.Build.0 = Debug|x64
		{19875008-079E-4550-817E-51E546E49943}.Debug|x86.ActiveCfg = Debug|Win32
		{19875008-079E-4550-817E-51E546E49943}.Debug|x86.Build.0 = Debug|Win32
		{19875008-079E-4550-817E-51E546E49943}.Release|x64.ActiveCfg = Release|x64
		{19875008-079E-4550-817E-51E546E49943}.Release|x64.Build.0 = Release|x64
		{19875008-079E-4550-817E-51E546E49943}.Release|x86.ActiveCfg = Release|Win32
		{19875008-079E-4550-817E-51E546E49943}.Release|x86.Build.0 = Release|Win32
		{8DE7DD26-1263-4AB7-AA9C-E9AE2D5AC539}.Debug|x64.ActiveCfg = Debug|x64
		{8DE7DD26-1263-4AB7-AA9C-E9AE2D5AC539}.Debug|x64.Build.0 = Debug|x64
		{8DE7DD26-1263-4AB7-AA9C-E9AE2D5AC539}.Debug|x86.ActiveCfg = Debug|Win32
		{8DE7DD26-1263-4AB7-AA9C-E9AE2D5AC539}.Debug|x86.Build.0 = Debug|Win32
		{8DE7DD26-1263-4AB7-AA9C-E9AE2D5AC539}.Release|x64.ActiveCfg = Release|x64
		{8DE7DD26-1263-4AB7-AA9C-E9AE2D5AC539}.Release|x64.Build.0 = Release|x64
		{8DE7DD26-1263-4AB7-AA9C-E9AE2D5AC539}.Release|x86.ActiveCfg = Release|Win32
		{8DE7DD26-1263-4AB7-AA9C-E9AE2D5AC539}.Release|x86.Build.0 = Release|Win32
	EndGlobalSection
	GlobalSection(SolutionProperties) = preSolution
		HideSolutionNode = FALSE
	EndGlobalSection
EndGlobal
